// !$*UTF8*$!
{
	archiveVersion = 1;
	classes = {
	};
	objectVersion = 48;
	objects = {

/* Begin PBXBuildFile section */
		FC5C610D1F7865CD00D6291C /* main.m in Sources */ = {isa = PBXBuildFile; fileRef = FC5C610C1F7865CD00D6291C /* main.m */; };
		FC5C61151F7865F800D6291C /* Person.m in Sources */ = {isa = PBXBuildFile; fileRef = FC5C61141F7865F800D6291C /* Person.m */; };
		FC5C61181F78661200D6291C /* MDCPerson.m in Sources */ = {isa = PBXBuildFile; fileRef = FC5C61171F78661200D6291C /* MDCPerson.m */; };
		FC5C611B1F78662D00D6291C /* MDCProfessor.m in Sources */ = {isa = PBXBuildFile; fileRef = FC5C611A1F78662D00D6291C /* MDCProfessor.m */; };
		FC5C611E1F78665B00D6291C /* MDCStudent.m in Sources */ = {isa = PBXBuildFile; fileRef = FC5C611D1F78665B00D6291C /* MDCStudent.m */; };
/* End PBXBuildFile section */

/* Begin PBXCopyFilesBuildPhase section */
		FC5C61071F7865CD00D6291C /* CopyFiles */ = {
			isa = PBXCopyFilesBuildPhase;
			buildActionMask = 2147483647;
			dstPath = /usr/share/man/man1/;
			dstSubfolderSpec = 0;
			files = (
			);
			runOnlyForDeploymentPostprocessing = 1;
		};
/* End PBXCopyFilesBuildPhase section */

/* Begin PBXFileReference section */
		FC5C61091F7865CD00D6291C /* HW01-ObjetiveC */ = {isa = PBXFileReference; explicitFileType = "compiled.mach-o.executable"; includeInIndex = 0; path = "HW01-ObjetiveC"; sourceTree = BUILT_PRODUCTS_DIR; };
		FC5C610C1F7865CD00D6291C /* main.m */ = {isa = PBXFileReference; lastKnownFileType = sourcecode.c.objc; path = main.m; sourceTree = "<group>"; };
		FC5C61131F7865F800D6291C /* Person.h */ = {isa = PBXFileReference; lastKnownFileType = sourcecode.c.h; path = Person.h; sourceTree = "<group>"; };
		FC5C61141F7865F800D6291C /* Person.m */ = {isa = PBXFileReference; lastKnownFileType = sourcecode.c.objc; path = Person.m; sourceTree = "<group>"; };
		FC5C61161F78661200D6291C /* MDCPerson.h */ = {isa = PBXFileReference; lastKnownFileType = sourcecode.c.h; path = MDCPerson.h; sourceTree = "<group>"; };
		FC5C61171F78661200D6291C /* MDCPerson.m */ = {isa = PBXFileReference; lastKnownFileType = sourcecode.c.objc; path = MDCPerson.m; sourceTree = "<group>"; };
		FC5C61191F78662D00D6291C /* MDCProfessor.h */ = {isa = PBXFileReference; lastKnownFileType = sourcecode.c.h; path = MDCProfessor.h; sourceTree = "<group>"; };
		FC5C611A1F78662D00D6291C /* MDCProfessor.m */ = {isa = PBXFileReference; lastKnownFileType = sourcecode.c.objc; path = MDCProfessor.m; sourceTree = "<group>"; };
		FC5C611C1F78665B00D6291C /* MDCStudent.h */ = {isa = PBXFileReference; lastKnownFileType = sourcecode.c.h; path = MDCStudent.h; sourceTree = "<group>"; };
		FC5C611D1F78665B00D6291C /* MDCStudent.m */ = {isa = PBXFileReference; lastKnownFileType = sourcecode.c.objc; path = MDCStudent.m; sourceTree = "<group>"; };
/* End PBXFileReference section */

/* Begin PBXFrameworksBuildPhase section */
		FC5C61061F7865CD00D6291C /* Frameworks */ = {
			isa = PBXFrameworksBuildPhase;
			buildActionMask = 2147483647;
			files = (
			);
			runOnlyForDeploymentPostprocessing = 0;
		};
/* End PBXFrameworksBuildPhase section */

/* Begin PBXGroup section */
		FC5C61001F7865CD00D6291C = {
			isa = PBXGroup;
			children = (
				FC5C610B1F7865CD00D6291C /* HW01-ObjetiveC */,
				FC5C610A1F7865CD00D6291C /* Products */,
			);
			sourceTree = "<group>";
		};
		FC5C610A1F7865CD00D6291C /* Products */ = {
			isa = PBXGroup;
			children = (
				FC5C61091F7865CD00D6291C /* HW01-ObjetiveC */,
			);
			name = Products;
			sourceTree = "<group>";
		};
		FC5C610B1F7865CD00D6291C /* HW01-ObjetiveC */ = {
			isa = PBXGroup;
			children = (
				FC5C610C1F7865CD00D6291C /* main.m */,
				FC5C61131F7865F800D6291C /* Person.h */,
				FC5C61141F7865F800D6291C /* Person.m */,
				FC5C61161F78661200D6291C /* MDCPerson.h */,
				FC5C61171F78661200D6291C /* MDCPerson.m */,
				FC5C61191F78662D00D6291C /* MDCProfessor.h */,
				FC5C611A1F78662D00D6291C /* MDCProfessor.m */,
				FC5C611C1F78665B00D6291C /* MDCStudent.h */,
				FC5C611D1F78665B00D6291C /* MDCStudent.m */,
			);
			path = "HW01-ObjetiveC";
			sourceTree = "<group>";
		};
/* End PBXGroup section */

/* Begin PBXNativeTarget section */
		FC5C61081F7865CD00D6291C /* HW01-ObjetiveC */ = {
			isa = PBXNativeTarget;
			buildConfigurationList = FC5C61101F7865CD00D6291C /* Build configuration list for PBXNativeTarget "HW01-ObjetiveC" */;
			buildPhases = (
				FC5C61051F7865CD00D6291C /* Sources */,
				FC5C61061F7865CD00D6291C /* Frameworks */,
				FC5C61071F7865CD00D6291C /* CopyFiles */,
			);
			buildRules = (
			);
			dependencies = (
			);
			name = "HW01-ObjetiveC";
			productName = "HW01-ObjetiveC";
			productReference = FC5C61091F7865CD00D6291C /* HW01-ObjetiveC */;
			productType = "com.apple.product-type.tool";
		};
/* End PBXNativeTarget section */

/* Begin PBXProject section */
		FC5C61011F7865CD00D6291C /* Project object */ = {
			isa = PBXProject;
			attributes = {
				LastUpgradeCheck = 0900;
				ORGANIZATIONNAME = "Yonny L Leyva Suarez";
				TargetAttributes = {
					FC5C61081F7865CD00D6291C = {
						CreatedOnToolsVersion = 9.0;
						ProvisioningStyle = Automatic;
					};
				};
			};
			buildConfigurationList = FC5C61041F7865CD00D6291C /* Build configuration list for PBXProject "HW01-ObjetiveC" */;
			compatibilityVersion = "Xcode 8.0";
			developmentRegion = en;
			hasScannedForEncodings = 0;
			knownRegions = (
				en,
			);
			mainGroup = FC5C61001F7865CD00D6291C;
			productRefGroup = FC5C610A1F7865CD00D6291C /* Products */;
			projectDirPath = "";
			projectRoot = "";
			targets = (
				FC5C61081F7865CD00D6291C /* HW01-ObjetiveC */,
			);
		};
/* End PBXProject section */

/* Begin PBXSourcesBuildPhase section */
		FC5C61051F7865CD00D6291C /* Sources */ = {
			isa = PBXSourcesBuildPhase;
			buildActionMask = 2147483647;
			files = (
				FC5C611E1F78665B00D6291C /* MDCStudent.m in Sources */,
				FC5C611B1F78662D00D6291C /* MDCProfessor.m in Sources */,
				FC5C61181F78661200D6291C /* MDCPerson.m in Sources */,
				FC5C61151F7865F800D6291C /* Person.m in Sources */,
				FC5C610D1F7865CD00D6291C /* main.m in Sources */,
			);
			runOnlyForDeploymentPostprocessing = 0;
		};
/* End PBXSourcesBuildPhase section */

/* Begin XCBuildConfiguration section */
		FC5C610E1F7865CD00D6291C /* Debug */ = {
			isa = XCBuildConfiguration;
			buildSettings = {
				ALWAYS_SEARCH_USER_PATHS = NO;
				CLANG_ANALYZER_NONNULL = YES;
				CLANG_ANALYZER_NUMBER_OBJECT_CONVERSION = YES_AGGRESSIVE;
				CLANG_CXX_LANGUAGE_STANDARD = "gnu++14";
				CLANG_CXX_LIBRARY = "libc++";
				CLANG_ENABLE_MODULES = YES;
				CLANG_ENABLE_OBJC_ARC = YES;
				CLANG_WARN_BLOCK_CAPTURE_AUTORELEASING = YES;
				CLANG_WARN_BOOL_CONVERSION = YES;
				CLANG_WARN_COMMA = YES;
				CLANG_WARN_CONSTANT_CONVERSION = YES;
				CLANG_WARN_DIRECT_OBJC_ISA_USAGE = YES_ERROR;
				CLANG_WARN_DOCUMENTATION_COMMENTS = YES;
				CLANG_WARN_EMPTY_BODY = YES;
				CLANG_WARN_ENUM_CONVERSION = YES;
				CLANG_WARN_INFINITE_RECURSION = YES;
				CLANG_WARN_INT_CONVERSION = YES;
				CLANG_WARN_NON_LITERAL_NULL_CONVERSION = YES;
				CLANG_WARN_OBJC_LITERAL_CONVERSION = YES;
				CLANG_WARN_OBJC_ROOT_CLASS = YES_ERROR;
				CLANG_WARN_RANGE_LOOP_ANALYSIS = YES;
				CLANG_WARN_STRICT_PROTOTYPES = YES;
				CLANG_WARN_SUSPICIOUS_MOVE = YES;
				CLANG_WARN_UNGUARDED_AVAILABILITY = YES_AGGRESSIVE;
				CLANG_WARN_UNREACHABLE_CODE = YES;
				CLANG_WARN__DUPLICATE_METHOD_MATCH = YES;
				CODE_SIGN_IDENTITY = "-";
				COPY_PHASE_STRIP = NO;
				DEBUG_INFORMATION_FORMAT = dwarf;
				ENABLE_STRICT_OBJC_MSGSEND = YES;
				ENABLE_TESTABILITY = YES;
				GCC_C_LANGUAGE_STANDARD = gnu11;
				GCC_DYNAMIC_NO_PIC = NO;
				GCC_NO_COMMON_BLOCKS = YES;
				GCC_OPTIMIZATION_LEVEL = 0;
				GCC_PREPROCESSOR_DEFINITIONS = (
					"DEBUG=1",
					"$(inherited)",
				);
				GCC_WARN_64_TO_32_BIT_CONVERSION = YES;
				GCC_WARN_ABOUT_RETURN_TYPE = YES_ERROR;
				GCC_WARN_UNDECLARED_SELECTOR = YES;
				GCC_WARN_UNINITIALIZED_AUTOS = YES_AGGRESSIVE;
				GCC_WARN_UNUSED_FUNCTION = YES;
				GCC_WARN_UNUSED_VARIABLE = YES;
				MACOSX_DEPLOYMENT_TARGET = 10.12;
				MTL_ENABLE_DEBUG_INFO = YES;
				ONLY_ACTIVE_ARCH = YES;
				SDKROOT = macosx;
			};
			name = Debug;
		};
		FC5C610F1F7865CD00D6291C /* Release */ = {
			isa = XCBuildConfiguration;
			buildSettings = {
				ALWAYS_SEARCH_USER_PATHS = NO;
				CLANG_ANALYZER_NONNULL = YES;
				CLANG_ANALYZER_NUMBER_OBJECT_CONVERSION = YES_AGGRESSIVE;
				CLANG_CXX_LANGUAGE_STANDARD = "gnu++14";
				CLANG_CXX_LIBRARY = "libc++";
				CLANG_ENABLE_MODULES = YES;
				CLANG_ENABLE_OBJC_ARC = YES;
				CLANG_WARN_BLOCK_CAPTURE_AUTORELEASING = YES;
				CLANG_WARN_BOOL_CONVERSION = YES;
				CLANG_WARN_COMMA = YES;
				CLANG_WARN_CONSTANT_CONVERSION = YES;
				CLANG_WARN_DIRECT_OBJC_ISA_USAGE = YES_ERROR;
				CLANG_WARN_DOCUMENTATION_COMMENTS = YES;
				CLANG_WARN_EMPTY_BODY = YES;
				CLANG_WARN_ENUM_CONVERSION = YES;
				CLANG_WARN_INFINITE_RECURSION = YES;
				CLANG_WARN_INT_CONVERSION = YES;
				CLANG_WARN_NON_LITERAL_NULL_CONVERSION = YES;
				CLANG_WARN_OBJC_LITERAL_CONVERSION = YES;
				CLANG_WARN_OBJC_ROOT_CLASS = YES_ERROR;
				CLANG_WARN_RANGE_LOOP_ANALYSIS = YES;
				CLANG_WARN_STRICT_PROTOTYPES = YES;
				CLANG_WARN_SUSPICIOUS_MOVE = YES;
				CLANG_WARN_UNGUARDED_AVAILABILITY = YES_AGGRESSIVE;
				CLANG_WARN_UNREACHABLE_CODE = YES;
				CLANG_WARN__DUPLICATE_METHOD_MATCH = YES;
				CODE_SIGN_IDENTITY = "-";
				COPY_PHASE_STRIP = NO;
				DEBUG_INFORMATION_FORMAT = "dwarf-with-dsym";
				ENABLE_NS_ASSERTIONS = NO;
				ENABLE_STRICT_OBJC_MSGSEND = YES;
				GCC_C_LANGUAGE_STANDARD = gnu11;
				GCC_NO_COMMON_BLOCKS = YES;
				GCC_WARN_64_TO_32_BIT_CONVERSION = YES;
				GCC_WARN_ABOUT_RETURN_TYPE = YES_ERROR;
				GCC_WARN_UNDECLARED_SELECTOR = YES;
				GCC_WARN_UNINITIALIZED_AUTOS = YES_AGGRESSIVE;
				GCC_WARN_UNUSED_FUNCTION = YES;
				GCC_WARN_UNUSED_VARIABLE = YES;
				MACOSX_DEPLOYMENT_TARGET = 10.12;
				MTL_ENABLE_DEBUG_INFO = NO;
				SDKROOT = macosx;
			};
			name = Release;
		};
		FC5C61111F7865CD00D6291C /* Debug */ = {
			isa = XCBuildConfiguration;
			buildSettings = {
				CODE_SIGN_STYLE = Automatic;
				PRODUCT_NAME = "$(TARGET_NAME)";
			};
			name = Debug;
		};
		FC5C61121F7865CD00D6291C /* Release */ = {
			isa = XCBuildConfiguration;
			buildSettings = {
				CODE_SIGN_STYLE = Automatic;
				PRODUCT_NAME = "$(TARGET_NAME)";
			};
			name = Release;
		};
/* End XCBuildConfiguration section */

/* Begin XCConfigurationList section */
		FC5C61041F7865CD00D6291C /* Build configuration list for PBXProject "HW01-ObjetiveC" */ = {
			isa = XCConfigurationList;
			buildConfigurations = (
				FC5C610E1F7865CD00D6291C /* Debug */,
				FC5C610F1F7865CD00D6291C /* Release */,
			);
			defaultConfigurationIsVisible = 0;
			defaultConfigurationName = Release;
		};
		FC5C61101F7865CD00D6291C /* Build configuration list for PBXNativeTarget "HW01-ObjetiveC" */ = {
			isa = XCConfigurationList;
			buildConfigurations = (
				FC5C61111F7865CD00D6291C /* Debug */,
				FC5C61121F7865CD00D6291C /* Release */,
			);
			defaultConfigurationIsVisible = 0;
			defaultConfigurationName = Release;
		};
/* End XCConfigurationList section */
	};
	rootObject = FC5C61011F7865CD00D6291C /* Project object */;
}
